
Microsoft Visual Studio Solution File, Format Version 12.00
# Visual Studio Express 2013 for Windows Desktop
VisualStudioVersion = 12.0.30723.0
MinimumVisualStudioVersion = 10.0.40219.1
Project("{8BC9CEB8-8B4A-11D0-8D11-00A0C91BC942}") = "core", "core\core.vcxproj", "{A0A17BB4-760B-4E34-B1B0-3E43E5F2778A}"
EndProject
Project("{8BC9CEB8-8B4A-11D0-8D11-00A0C91BC942}") = "engine", "engine\engine.vcxproj", "{E1A0C677-DE71-4AD8-B802-AA7A3332D822}"
	ProjectSection(ProjectDependencies) = postProject
		{A0A17BB4-760B-4E34-B1B0-3E43E5F2778A} = {A0A17BB4-760B-4E34-B1B0-3E43E5F2778A}
	EndProjectSection
EndProject
Project("{8BC9CEB8-8B4A-11D0-8D11-00A0C91BC942}") = "physics", "physics\physics.vcxproj", "{4D15098E-177F-44EE-BF3C-FF0298E1BA33}"
	ProjectSection(ProjectDependencies) = postProject
		{E1A0C677-DE71-4AD8-B802-AA7A3332D822} = {E1A0C677-DE71-4AD8-B802-AA7A3332D822}
		{A0A17BB4-760B-4E34-B1B0-3E43E5F2778A} = {A0A17BB4-760B-4E34-B1B0-3E43E5F2778A}
	EndProjectSection
EndProject
Project("{8BC9CEB8-8B4A-11D0-8D11-00A0C91BC942}") = "unit_tests", "unit_tests\unit_tests.vcxproj", "{B9B67659-001C-4E9A-823D-49C7EF3F49C2}"
	ProjectSection(ProjectDependencies) = postProject
		{E1A0C677-DE71-4AD8-B802-AA7A3332D822} = {E1A0C677-DE71-4AD8-B802-AA7A3332D822}
		{4D15098E-177F-44EE-BF3C-FF0298E1BA33} = {4D15098E-177F-44EE-BF3C-FF0298E1BA33}
		{A0A17BB4-760B-4E34-B1B0-3E43E5F2778A} = {A0A17BB4-760B-4E34-B1B0-3E43E5F2778A}
	EndProjectSection
EndProject
Project("{8BC9CEB8-8B4A-11D0-8D11-00A0C91BC942}") = "QtEditor", "..\..\qteditor\QtEditor\QtEditor.vcxproj", "{7EC890C5-3301-3B84-B02A-7BB178DA1DB5}"
	ProjectSection(ProjectDependencies) = postProject
		{63F2E301-5062-4910-87FB-0243772F6852} = {63F2E301-5062-4910-87FB-0243772F6852}
		{DAFC5509-EC74-4309-A9F6-CCB4B4734BD3} = {DAFC5509-EC74-4309-A9F6-CCB4B4734BD3}
		{E56A8C15-C73D-43E4-8D7C-04BBFC062ACC} = {E56A8C15-C73D-43E4-8D7C-04BBFC062ACC}
		{E1A0C677-DE71-4AD8-B802-AA7A3332D822} = {E1A0C677-DE71-4AD8-B802-AA7A3332D822}
		{4D15098E-177F-44EE-BF3C-FF0298E1BA33} = {4D15098E-177F-44EE-BF3C-FF0298E1BA33}
		{A0A17BB4-760B-4E34-B1B0-3E43E5F2778A} = {A0A17BB4-760B-4E34-B1B0-3E43E5F2778A}
	EndProjectSection
EndProject
Project("{8BC9CEB8-8B4A-11D0-8D11-00A0C91BC942}") = "fbx_converter", "fbx_converter\fbx_converter.vcxproj", "{DAFC5509-EC74-4309-A9F6-CCB4B4734BD3}"
EndProject
Project("{8BC9CEB8-8B4A-11D0-8D11-00A0C91BC942}") = "script", "script\script.vcxproj", "{E56A8C15-C73D-43E4-8D7C-04BBFC062ACC}"
	ProjectSection(ProjectDependencies) = postProject
		{E1A0C677-DE71-4AD8-B802-AA7A3332D822} = {E1A0C677-DE71-4AD8-B802-AA7A3332D822}
		{A0A17BB4-760B-4E34-B1B0-3E43E5F2778A} = {A0A17BB4-760B-4E34-B1B0-3E43E5F2778A}
	EndProjectSection
EndProject
Project("{8BC9CEB8-8B4A-11D0-8D11-00A0C91BC942}") = "animation", "animation\animation.vcxproj", "{63F2E301-5062-4910-87FB-0243772F6852}"
	ProjectSection(ProjectDependencies) = postProject
		{E1A0C677-DE71-4AD8-B802-AA7A3332D822} = {E1A0C677-DE71-4AD8-B802-AA7A3332D822}
		{A0A17BB4-760B-4E34-B1B0-3E43E5F2778A} = {A0A17BB4-760B-4E34-B1B0-3E43E5F2778A}
	EndProjectSection
EndProject
Global
	GlobalSection(SolutionConfigurationPlatforms) = preSolution
		Debug|Win32 = Debug|Win32
		Debug|x64 = Debug|x64
		Release|Win32 = Release|Win32
		Release|x64 = Release|x64
	EndGlobalSection
	GlobalSection(ProjectConfigurationPlatforms) = postSolution
		{A0A17BB4-760B-4E34-B1B0-3E43E5F2778A}.Debug|Win32.ActiveCfg = Debug|Win32
		{A0A17BB4-760B-4E34-B1B0-3E43E5F2778A}.Debug|Win32.Build.0 = Debug|Win32
		{A0A17BB4-760B-4E34-B1B0-3E43E5F2778A}.Debug|x64.ActiveCfg = Debug|x64
		{A0A17BB4-760B-4E34-B1B0-3E43E5F2778A}.Debug|x64.Build.0 = Debug|x64
		{A0A17BB4-760B-4E34-B1B0-3E43E5F2778A}.Release|Win32.ActiveCfg = Release|Win32
		{A0A17BB4-760B-4E34-B1B0-3E43E5F2778A}.Release|Win32.Build.0 = Release|Win32
		{A0A17BB4-760B-4E34-B1B0-3E43E5F2778A}.Release|x64.ActiveCfg = Release|x64
		{A0A17BB4-760B-4E34-B1B0-3E43E5F2778A}.Release|x64.Build.0 = Release|x64
		{E1A0C677-DE71-4AD8-B802-AA7A3332D822}.Debug|Win32.ActiveCfg = Debug|Win32
		{E1A0C677-DE71-4AD8-B802-AA7A3332D822}.Debug|Win32.Build.0 = Debug|Win32
		{E1A0C677-DE71-4AD8-B802-AA7A3332D822}.Debug|x64.ActiveCfg = Debug|x64
		{E1A0C677-DE71-4AD8-B802-AA7A3332D822}.Debug|x64.Build.0 = Debug|x64
		{E1A0C677-DE71-4AD8-B802-AA7A3332D822}.Release|Win32.ActiveCfg = Release|Win32
		{E1A0C677-DE71-4AD8-B802-AA7A3332D822}.Release|Win32.Build.0 = Release|Win32
		{E1A0C677-DE71-4AD8-B802-AA7A3332D822}.Release|x64.ActiveCfg = Release|x64
		{E1A0C677-DE71-4AD8-B802-AA7A3332D822}.Release|x64.Build.0 = Release|x64
		{4D15098E-177F-44EE-BF3C-FF0298E1BA33}.Debug|Win32.ActiveCfg = Debug|Win32
		{4D15098E-177F-44EE-BF3C-FF0298E1BA33}.Debug|Win32.Build.0 = Debug|Win32
		{4D15098E-177F-44EE-BF3C-FF0298E1BA33}.Debug|x64.ActiveCfg = Debug|x64
		{4D15098E-177F-44EE-BF3C-FF0298E1BA33}.Release|Win32.ActiveCfg = Release|Win32
		{4D15098E-177F-44EE-BF3C-FF0298E1BA33}.Release|Win32.Build.0 = Release|Win32
		{4D15098E-177F-44EE-BF3C-FF0298E1BA33}.Release|x64.ActiveCfg = Release|x64
		{B9B67659-001C-4E9A-823D-49C7EF3F49C2}.Debug|Win32.ActiveCfg = Debug|Win32
		{B9B67659-001C-4E9A-823D-49C7EF3F49C2}.Debug|Win32.Build.0 = Debug|Win32
		{B9B67659-001C-4E9A-823D-49C7EF3F49C2}.Debug|x64.ActiveCfg = Debug|Win32
		{B9B67659-001C-4E9A-823D-49C7EF3F49C2}.Release|Win32.ActiveCfg = Release|Win32
		{B9B67659-001C-4E9A-823D-49C7EF3F49C2}.Release|Win32.Build.0 = Release|Win32
		{B9B67659-001C-4E9A-823D-49C7EF3F49C2}.Release|x64.ActiveCfg = Release|Win32
		{7EC890C5-3301-3B84-B02A-7BB178DA1DB5}.Debug|Win32.ActiveCfg = Debug|Win32
		{7EC890C5-3301-3B84-B02A-7BB178DA1DB5}.Debug|Win32.Build.0 = Debug|Win32
		{7EC890C5-3301-3B84-B02A-7BB178DA1DB5}.Debug|x64.ActiveCfg = Debug|Win32
		{7EC890C5-3301-3B84-B02A-7BB178DA1DB5}.Release|Win32.ActiveCfg = Release|Win32
		{7EC890C5-3301-3B84-B02A-7BB178DA1DB5}.Release|Win32.Build.0 = Release|Win32
		{7EC890C5-3301-3B84-B02A-7BB178DA1DB5}.Release|x64.ActiveCfg = Release|Win32
		{DAFC5509-EC74-4309-A9F6-CCB4B4734BD3}.Debug|Win32.ActiveCfg = Debug|Win32
		{DAFC5509-EC74-4309-A9F6-CCB4B4734BD3}.Debug|Win32.Build.0 = Debug|Win32
		{DAFC5509-EC74-4309-A9F6-CCB4B4734BD3}.Debug|x64.ActiveCfg = Debug|Win32
		{DAFC5509-EC74-4309-A9F6-CCB4B4734BD3}.Release|Win32.ActiveCfg = Release|Win32
		{DAFC5509-EC74-4309-A9F6-CCB4B4734BD3}.Release|Win32.Build.0 = Release|Win32
		{DAFC5509-EC74-4309-A9F6-CCB4B4734BD3}.Release|x64.ActiveCfg = Release|Win32
		{E56A8C15-C73D-43E4-8D7C-04BBFC062ACC}.Debug|Win32.ActiveCfg = Debug|Win32
		{E56A8C15-C73D-43E4-8D7C-04BBFC062ACC}.Debug|Win32.Build.0 = Debug|Win32
		{E56A8C15-C73D-43E4-8D7C-04BBFC062ACC}.Debug|x64.ActiveCfg = Debug|x64
		{E56A8C15-C73D-43E4-8D7C-04BBFC062ACC}.Debug|x64.Build.0 = Debug|x64
		{E56A8C15-C73D-43E4-8D7C-04BBFC062ACC}.Release|Win32.ActiveCfg = Release|Win32
		{E56A8C15-C73D-43E4-8D7C-04BBFC062ACC}.Release|Win32.Build.0 = Release|Win32
		{E56A8C15-C73D-43E4-8D7C-04BBFC062ACC}.Release|x64.ActiveCfg = Release|x64
		{E56A8C15-C73D-43E4-8D7C-04BBFC062ACC}.Release|x64.Build.0 = Release|x64
		{63F2E301-5062-4910-87FB-0243772F6852}.Debug|Win32.ActiveCfg = Debug|Win32
		{63F2E301-5062-4910-87FB-0243772F6852}.Debug|Win32.Build.0 = Debug|Win32
		{63F2E301-5062-4910-87FB-0243772F6852}.Debug|x64.ActiveCfg = Debug|x64
		{63F2E301-5062-4910-87FB-0243772F6852}.Debug|x64.Build.0 = Debug|x64
		{63F2E301-5062-4910-87FB-0243772F6852}.Release|Win32.ActiveCfg = Release|Win32
		{63F2E301-5062-4910-87FB-0243772F6852}.Release|Win32.Build.0 = Release|Win32
		{63F2E301-5062-4910-87FB-0243772F6852}.Release|x64.ActiveCfg = Release|x64
		{63F2E301-5062-4910-87FB-0243772F6852}.Release|x64.Build.0 = Release|x64
	EndGlobalSection
	GlobalSection(SolutionProperties) = preSolution
		HideSolutionNode = FALSE
	EndGlobalSection
EndGlobal
