<?xml version="1.0" encoding="utf-8"?>
<Project ToolsVersion="4.0" xmlns="http://schemas.microsoft.com/developer/msbuild/2003">
  <ItemGroup>
    <Filter Include="graphics">
      <UniqueIdentifier>{81110112-66f3-46cb-a161-4e2ab92b01d4}</UniqueIdentifier>
    </Filter>
    <Filter Include="universe">
      <UniqueIdentifier>{72baf105-26cd-4555-9e97-a4b92ab1f676}</UniqueIdentifier>
    </Filter>
    <Filter Include="editor">
      <UniqueIdentifier>{69a0e835-15da-4c43-a0ed-57a169bbe67f}</UniqueIdentifier>
    </Filter>
    <Filter Include="script">
      <UniqueIdentifier>{1687822c-73d0-4a28-9c22-71b902c329eb}</UniqueIdentifier>
    </Filter>
    <Filter Include="animation">
      <UniqueIdentifier>{2bb241e1-0051-401f-b64c-47c220e77ff3}</UniqueIdentifier>
    </Filter>
    <Filter Include="engine">
      <UniqueIdentifier>{a05964d9-bc93-4b17-8bae-42733a26b9a9}</UniqueIdentifier>
    </Filter>
  </ItemGroup>
  <ItemGroup>
    <ClCompile Include="..\..\src\graphics\renderer.cpp">
      <Filter>graphics</Filter>
    </ClCompile>
    <ClCompile Include="..\..\src\universe\universe.cpp">
      <Filter>universe</Filter>
    </ClCompile>
    <ClCompile Include="..\..\src\universe\component_event.cpp">
      <Filter>universe</Filter>
    </ClCompile>
    <ClCompile Include="..\..\src\universe\entity_moved_event.cpp">
      <Filter>universe</Filter>
    </ClCompile>
    <ClCompile Include="..\..\src\editor\editor_server.cpp">
      <Filter>editor</Filter>
    </ClCompile>
    <ClCompile Include="..\..\src\editor\gizmo.cpp">
      <Filter>editor</Filter>
    </ClCompile>
    <ClCompile Include="..\..\src\editor\editor_icon.cpp">
      <Filter>editor</Filter>
    </ClCompile>
    <ClCompile Include="..\..\src\editor\property_descriptor.cpp">
      <Filter>editor</Filter>
    </ClCompile>
    <ClCompile Include="..\..\src\universe\entity_destroyed_event.cpp">
      <Filter>universe</Filter>
    </ClCompile>
    <ClCompile Include="..\..\src\script\script_system.cpp">
      <Filter>script</Filter>
    </ClCompile>
    <ClCompile Include="..\..\src\script\save_script_visitor.cpp">
      <Filter>script</Filter>
    </ClCompile>
    <ClCompile Include="..\..\src\script\set_property_visitor.cpp">
      <Filter>script</Filter>
    </ClCompile>
    <ClCompile Include="..\..\src\script\get_property_visitor.cpp">
      <Filter>script</Filter>
    </ClCompile>
    <ClCompile Include="..\..\src\animation\animation_system.cpp">
      <Filter>animation</Filter>
    </ClCompile>
    <ClCompile Include="..\..\src\universe\entity.cpp">
      <Filter>universe</Filter>
    </ClCompile>
    <ClCompile Include="..\..\src\universe\component.cpp">
      <Filter>universe</Filter>
    </ClCompile>
    <ClCompile Include="..\..\src\engine\engine.cpp">
      <Filter>engine</Filter>
    </ClCompile>
    <ClCompile Include="..\..\src\engine\iplugin.cpp">
      <Filter>engine</Filter>
    </ClCompile>
    <ClCompile Include="..\..\src\engine\plugin_manager.cpp">
      <Filter>engine</Filter>
    </ClCompile>
    <ClCompile Include="..\..\src\editor\editor_client.cpp">
      <Filter>editor</Filter>
    </ClCompile>
    <ClCompile Include="..\..\src\editor\server_message_types.cpp">
      <Filter>editor</Filter>
    </ClCompile>
  </ItemGroup>
  <ItemGroup>
    <ClInclude Include="..\..\src\graphics\renderer.h">
      <Filter>graphics</Filter>
    </ClInclude>
    <ClInclude Include="..\..\src\universe\universe.h">
      <Filter>universe</Filter>
    </ClInclude>
    <ClInclude Include="..\..\src\universe\component_event.h">
      <Filter>universe</Filter>
    </ClInclude>
    <ClInclude Include="..\..\src\universe\entity_moved_event.h">
      <Filter>universe</Filter>
    </ClInclude>
    <ClInclude Include="..\..\src\editor\editor_server.h">
      <Filter>editor</Filter>
    </ClInclude>
    <ClInclude Include="..\..\src\editor\property_descriptor.h">
      <Filter>editor</Filter>
    </ClInclude>
    <ClInclude Include="..\..\src\editor\gizmo.h">
      <Filter>editor</Filter>
    </ClInclude>
    <ClInclude Include="..\..\src\editor\editor_icon.h">
      <Filter>editor</Filter>
    </ClInclude>
    <ClInclude Include="..\..\src\universe\entity_destroyed_event.h">
      <Filter>universe</Filter>
    </ClInclude>
    <ClInclude Include="..\..\src\script\script_system.h">
      <Filter>script</Filter>
    </ClInclude>
    <ClInclude Include="..\..\src\script\base_script.h">
      <Filter>script</Filter>
    </ClInclude>
    <ClInclude Include="..\..\src\script\script_visitor.h">
      <Filter>script</Filter>
    </ClInclude>
    <ClInclude Include="..\..\src\script\save_script_visitor.h">
      <Filter>script</Filter>
    </ClInclude>
    <ClInclude Include="..\..\src\script\set_property_visitor.h">
      <Filter>script</Filter>
    </ClInclude>
    <ClInclude Include="..\..\src\script\get_property_visitor.h">
      <Filter>script</Filter>
    </ClInclude>
    <ClInclude Include="..\..\src\animation\animation_system.h">
      <Filter>animation</Filter>
    </ClInclude>
    <ClInclude Include="..\..\src\universe\entity.h">
      <Filter>universe</Filter>
    </ClInclude>
    <ClInclude Include="..\..\src\universe\component.h">
      <Filter>universe</Filter>
    </ClInclude>
    <ClInclude Include="..\..\src\engine\engine.h">
      <Filter>engine</Filter>
    </ClInclude>
    <ClInclude Include="..\..\src\engine\iplugin.h">
      <Filter>engine</Filter>
    </ClInclude>
    <ClInclude Include="..\..\src\engine\plugin_manager.h">
      <Filter>engine</Filter>
    </ClInclude>
    <ClInclude Include="..\..\src\editor\editor_client.h">
      <Filter>editor</Filter>
    </ClInclude>
    <ClInclude Include="..\..\src\editor\client_message_types.h">
      <Filter>editor</Filter>
    </ClInclude>
    <ClInclude Include="..\..\src\editor\server_message_types.h">
      <Filter>editor</Filter>
    </ClInclude>
  </ItemGroup>
</Project>