<?xml version="1.0" encoding="utf-8"?>
<Project ToolsVersion="4.0" xmlns="http://schemas.microsoft.com/developer/msbuild/2003">
  <ItemGroup>
    <Filter Include="Form Files">
      <UniqueIdentifier>{99349809-55BA-4b9d-BF79-8FDBB0286EB3}</UniqueIdentifier>
      <Extensions>ui</Extensions>
      <ParseFiles>false</ParseFiles>
    </Filter>
    <Filter Include="Form Files">
      <UniqueIdentifier>{99349809-55BA-4b9d-BF79-8FDBB0286EB3}</UniqueIdentifier>
      <Extensions>ui</Extensions>
      <ParseFiles>false</ParseFiles>
    </Filter>
    <Filter Include="Generated Files">
      <UniqueIdentifier>{71ED8ED8-ACB9-4CE9-BBE1-E00B30144E11}</UniqueIdentifier>
      <Extensions>cpp;c;cxx;moc;h;def;odl;idl;res;</Extensions>
    </Filter>
    <Filter Include="Generated Files">
      <UniqueIdentifier>{71ED8ED8-ACB9-4CE9-BBE1-E00B30144E11}</UniqueIdentifier>
      <Extensions>cpp;c;cxx;moc;h;def;odl;idl;res;</Extensions>
    </Filter>
    <Filter Include="Header Files">
      <UniqueIdentifier>{93995380-89BD-4b04-88EB-625FBE52EBFB}</UniqueIdentifier>
      <Extensions>h;hpp;hxx;hm;inl;inc;xsd</Extensions>
    </Filter>
    <Filter Include="Header Files">
      <UniqueIdentifier>{93995380-89BD-4b04-88EB-625FBE52EBFB}</UniqueIdentifier>
      <Extensions>h;hpp;hxx;hm;inl;inc;xsd</Extensions>
    </Filter>
    <Filter Include="Source Files">
      <UniqueIdentifier>{4FC737F1-C7A5-4376-A066-2A32D752A2FF}</UniqueIdentifier>
      <Extensions>cpp;c;cxx;def;odl;idl;hpj;bat;asm;asmx</Extensions>
    </Filter>
    <Filter Include="Source Files">
      <UniqueIdentifier>{4FC737F1-C7A5-4376-A066-2A32D752A2FF}</UniqueIdentifier>
      <Extensions>cpp;c;cxx;def;odl;idl;hpj;bat;asm;asmx</Extensions>
    </Filter>
  </ItemGroup>
  <ItemGroup>
    <Filter Include="Source Files\.." />
  </ItemGroup>
  <ItemGroup>
    <Filter Include="Source Files\..\.." />
  </ItemGroup>
  <ItemGroup>
    <Filter Include="Source Files\..\..\pc" />
  </ItemGroup>
  <ItemGroup>
    <ClCompile Include="..\..\pc\file_system_watcher.cpp">
      <Filter>Source Files\..\..\pc</Filter>
    </ClCompile>
    <ClCompile Include="..\..\..\tmp\studio\moc_scriptcompilerwidget.cpp">
      <Filter>Generated Files</Filter>
    </ClCompile>
    <ClCompile Include="..\..\..\tmp\studio\moc_scriptcompiler.cpp">
      <Filter>Generated Files</Filter>
    </ClCompile>
    <ClCompile Include="..\..\..\tmp\studio\moc_sceneview.cpp">
      <Filter>Generated Files</Filter>
    </ClCompile>
    <ClCompile Include="..\..\..\tmp\studio\moc_property_view.cpp">
      <Filter>Generated Files</Filter>
    </ClCompile>
    <ClCompile Include="..\..\..\tmp\studio\moc_profilerui.cpp">
      <Filter>Generated Files</Filter>
    </ClCompile>
    <ClCompile Include="..\..\..\tmp\studio\moc_profilergraph.cpp">
      <Filter>Generated Files</Filter>
    </ClCompile>
    <ClCompile Include="..\..\..\tmp\studio\moc_mainwindow.cpp">
      <Filter>Generated Files</Filter>
    </ClCompile>
    <ClCompile Include="..\..\..\tmp\studio\moc_log_widget.cpp">
      <Filter>Generated Files</Filter>
    </ClCompile>
    <ClCompile Include="..\..\..\tmp\studio\moc_gameview.cpp">
      <Filter>Generated Files</Filter>
    </ClCompile>
    <ClCompile Include="..\..\..\tmp\studio\moc_fileserverwidget.cpp">
      <Filter>Generated Files</Filter>
    </ClCompile>
    <ClCompile Include="..\..\..\tmp\studio\moc_entity_template_list.cpp">
      <Filter>Generated Files</Filter>
    </ClCompile>
    <ClCompile Include="..\..\..\tmp\studio\moc_entity_list.cpp">
      <Filter>Generated Files</Filter>
    </ClCompile>
    <ClCompile Include="..\..\..\tmp\studio\moc_assetbrowser.cpp">
      <Filter>Generated Files</Filter>
    </ClCompile>
  </ItemGroup>
  <ItemGroup>
    <Filter Include="Source Files\..\..\scripts" />
  </ItemGroup>
  <ItemGroup>
    <ClCompile Include="..\..\scripts\scriptcompiler.cpp">
      <Filter>Source Files\..\..\scripts</Filter>
    </ClCompile>
  </ItemGroup>
  <ItemGroup>
    <ClCompile Include="..\..\scripts\scriptcompilerwidget.cpp">
      <Filter>Source Files\..\..\scripts</Filter>
    </ClCompile>
  </ItemGroup>
  <ItemGroup>
    <ClCompile Include="..\..\assetbrowser.cpp">
      <Filter>Source Files\..\..</Filter>
    </ClCompile>
  </ItemGroup>
  <ItemGroup>
    <ClCompile Include="..\..\entity_list.cpp">
      <Filter>Source Files\..\..</Filter>
    </ClCompile>
  </ItemGroup>
  <ItemGroup>
    <ClCompile Include="..\..\entity_template_list.cpp">
      <Filter>Source Files\..\..</Filter>
    </ClCompile>
  </ItemGroup>
  <ItemGroup>
    <ClCompile Include="..\..\fileserverwidget.cpp">
      <Filter>Source Files\..\..</Filter>
    </ClCompile>
  </ItemGroup>
  <ItemGroup>
    <ClCompile Include="..\..\gameview.cpp">
      <Filter>Source Files\..\..</Filter>
    </ClCompile>
  </ItemGroup>
  <ItemGroup>
    <ClCompile Include="..\..\insert_mesh_command.cpp">
      <Filter>Source Files\..\..</Filter>
    </ClCompile>
  </ItemGroup>
  <ItemGroup>
    <ClCompile Include="..\..\log_widget.cpp">
      <Filter>Source Files\..\..</Filter>
    </ClCompile>
  </ItemGroup>
  <ItemGroup>
    <ClCompile Include="..\..\main.cpp">
      <Filter>Source Files\..\..</Filter>
    </ClCompile>
  </ItemGroup>
  <ItemGroup>
    <ClCompile Include="..\..\mainwindow.cpp">
      <Filter>Source Files\..\..</Filter>
    </ClCompile>
  </ItemGroup>
  <ItemGroup>
    <ClCompile Include="..\..\notifications.cpp">
      <Filter>Source Files\..\..</Filter>
    </ClCompile>
  </ItemGroup>
  <ItemGroup>
    <ClCompile Include="..\..\profilergraph.cpp">
      <Filter>Source Files\..\..</Filter>
    </ClCompile>
  </ItemGroup>
  <ItemGroup>
    <ClCompile Include="..\..\profilerui.cpp">
      <Filter>Source Files\..\..</Filter>
    </ClCompile>
  </ItemGroup>
  <ItemGroup>
    <ClCompile Include="..\..\property_view.cpp">
      <Filter>Source Files\..\..</Filter>
    </ClCompile>
  </ItemGroup>
  <ItemGroup>
    <ClCompile Include="..\..\sceneview.cpp">
      <Filter>Source Files\..\..</Filter>
    </ClCompile>
  </ItemGroup>
  <ItemGroup>
    <Filter Include="Header Files\.." />
  </ItemGroup>
  <ItemGroup>
    <Filter Include="Header Files\..\.." />
  </ItemGroup>
  <ItemGroup>
    <Filter Include="Header Files\..\..\scripts" />
  </ItemGroup>
  <ItemGroup>
    <CustomBuild Include="..\..\scripts\scriptcompiler.h">
      <Filter>Header Files\..\..\scripts</Filter>
    </CustomBuild>
    <CustomBuild Include="ui_assetbrowser.h">
      <Filter>Generated Files</Filter>
    </CustomBuild>
    <CustomBuild Include="ui_entity_list.h">
      <Filter>Generated Files</Filter>
    </CustomBuild>
    <CustomBuild Include="ui_entity_template_list.h">
      <Filter>Generated Files</Filter>
    </CustomBuild>
    <CustomBuild Include="ui_fileserverwidget.h">
      <Filter>Generated Files</Filter>
    </CustomBuild>
    <CustomBuild Include="ui_gameview.h">
      <Filter>Generated Files</Filter>
    </CustomBuild>
    <CustomBuild Include="ui_logwidget.h">
      <Filter>Generated Files</Filter>
    </CustomBuild>
    <CustomBuild Include="ui_mainwindow.h">
      <Filter>Generated Files</Filter>
    </CustomBuild>
    <CustomBuild Include="ui_profilergraph.h">
      <Filter>Generated Files</Filter>
    </CustomBuild>
    <CustomBuild Include="ui_profilerui.h">
      <Filter>Generated Files</Filter>
    </CustomBuild>
    <CustomBuild Include="ui_property_view.h">
      <Filter>Generated Files</Filter>
    </CustomBuild>
    <CustomBuild Include="ui_scriptcompilerwidget.h">
      <Filter>Generated Files</Filter>
    </CustomBuild>
    <CustomBuild Include="..\..\file_system_watcher.h">
      <Filter>Header Files\..\..</Filter>
    </CustomBuild>
    <CustomBuild Include="..\..\insert_mesh_command.h">
      <Filter>Header Files\..\..</Filter>
    </CustomBuild>
    <CustomBuild Include="..\..\notifications.h">
      <Filter>Header Files\..\..</Filter>
    </CustomBuild>
    <CustomBuild Include="..\..\renderdevicewidget.h">
      <Filter>Header Files\..\..</Filter>
    </CustomBuild>
    <CustomBuild Include="..\..\wgl_render_device.h">
      <Filter>Header Files\..\..</Filter>
    </CustomBuild>
  </ItemGroup>
  <ItemGroup>
    <CustomBuild Include="..\..\scripts\scriptcompilerwidget.h">
      <Filter>Header Files\..\..\scripts</Filter>
    </CustomBuild>
  </ItemGroup>
  <ItemGroup>
    <CustomBuild Include="..\..\assetbrowser.h">
      <Filter>Header Files\..\..</Filter>
    </CustomBuild>
  </ItemGroup>
  <ItemGroup>
    <CustomBuild Include="..\..\entity_list.h">
      <Filter>Header Files\..\..</Filter>
    </CustomBuild>
  </ItemGroup>
  <ItemGroup>
    <CustomBuild Include="..\..\entity_template_list.h">
      <Filter>Header Files\..\..</Filter>
    </CustomBuild>
  </ItemGroup>
  <ItemGroup>
    <CustomBuild Include="..\..\fileserverwidget.h">
      <Filter>Header Files\..\..</Filter>
    </CustomBuild>
  </ItemGroup>
  <ItemGroup>
    <CustomBuild Include="..\..\gameview.h">
      <Filter>Header Files\..\..</Filter>
    </CustomBuild>
  </ItemGroup>
  <ItemGroup>
    <CustomBuild Include="..\..\log_widget.h">
      <Filter>Header Files\..\..</Filter>
    </CustomBuild>
  </ItemGroup>
  <ItemGroup>
    <CustomBuild Include="..\..\mainwindow.h">
      <Filter>Header Files\..\..</Filter>
    </CustomBuild>
  </ItemGroup>
  <ItemGroup>
    <CustomBuild Include="..\..\profilergraph.h">
      <Filter>Header Files\..\..</Filter>
    </CustomBuild>
  </ItemGroup>
  <ItemGroup>
    <CustomBuild Include="..\..\profilerui.h">
      <Filter>Header Files\..\..</Filter>
    </CustomBuild>
  </ItemGroup>
  <ItemGroup>
    <CustomBuild Include="..\..\property_view.h">
      <Filter>Header Files\..\..</Filter>
    </CustomBuild>
  </ItemGroup>
  <ItemGroup>
    <CustomBuild Include="..\..\sceneview.h">
      <Filter>Header Files\..\..</Filter>
    </CustomBuild>
  </ItemGroup>
  <ItemGroup>
    <Filter Include="Form Files\.." />
  </ItemGroup>
  <ItemGroup>
    <Filter Include="Form Files\..\.." />
  </ItemGroup>
  <ItemGroup>
    <Filter Include="Form Files\..\..\scripts" />
  </ItemGroup>
  <ItemGroup>
    <CustomBuild Include="..\..\scripts\scriptcompilerwidget.ui">
      <Filter>Form Files\..\..\scripts</Filter>
    </CustomBuild>
  </ItemGroup>
  <ItemGroup>
    <CustomBuild Include="..\..\assetbrowser.ui">
      <Filter>Form Files\..\..</Filter>
    </CustomBuild>
  </ItemGroup>
  <ItemGroup>
    <CustomBuild Include="..\..\entity_list.ui">
      <Filter>Form Files\..\..</Filter>
    </CustomBuild>
  </ItemGroup>
  <ItemGroup>
    <CustomBuild Include="..\..\entity_template_list.ui">
      <Filter>Form Files\..\..</Filter>
    </CustomBuild>
  </ItemGroup>
  <ItemGroup>
    <CustomBuild Include="..\..\fileserverwidget.ui">
      <Filter>Form Files\..\..</Filter>
    </CustomBuild>
  </ItemGroup>
  <ItemGroup>
    <CustomBuild Include="..\..\gameview.ui">
      <Filter>Form Files\..\..</Filter>
    </CustomBuild>
  </ItemGroup>
  <ItemGroup>
    <CustomBuild Include="..\..\logwidget.ui">
      <Filter>Form Files\..\..</Filter>
    </CustomBuild>
  </ItemGroup>
  <ItemGroup>
    <CustomBuild Include="..\..\mainwindow.ui">
      <Filter>Form Files\..\..</Filter>
    </CustomBuild>
  </ItemGroup>
  <ItemGroup>
    <CustomBuild Include="..\..\profilergraph.ui">
      <Filter>Form Files\..\..</Filter>
    </CustomBuild>
  </ItemGroup>
  <ItemGroup>
    <CustomBuild Include="..\..\profilerui.ui">
      <Filter>Form Files\..\..</Filter>
    </CustomBuild>
  </ItemGroup>
  <ItemGroup>
    <CustomBuild Include="..\..\property_view.ui">
      <Filter>Form Files\..\..</Filter>
    </CustomBuild>
  </ItemGroup>
</Project>