<?xml version="1.0" encoding="utf-8"?>
<Project ToolsVersion="4.0" xmlns="http://schemas.microsoft.com/developer/msbuild/2003">
  <ItemGroup>
    <ClInclude Include="..\..\src\gui\gui.h" />
    <ClInclude Include="..\..\src\gui\block.h" />
    <ClInclude Include="..\..\src\gui\irenderer.h" />
    <ClInclude Include="..\..\src\gui\decorators\box_decorator.h">
      <Filter>decorators</Filter>
    </ClInclude>
    <ClInclude Include="..\..\src\gui\opengl_renderer.h" />
    <ClInclude Include="..\..\src\gui\decorators\text_decorator.h">
      <Filter>decorators</Filter>
    </ClInclude>
    <ClInclude Include="..\..\src\gui\decorator_base.h" />
    <ClInclude Include="..\..\src\gui\atlas.h" />
    <ClInclude Include="..\..\src\gui\texture_base.h" />
    <ClInclude Include="..\..\src\gui\menu_bar.h" />
    <ClInclude Include="..\..\src\gui\menu_item.h" />
    <ClInclude Include="..\..\src\gui\button.h" />
    <ClInclude Include="..\..\src\gui\text_box.h" />
    <ClInclude Include="..\..\src\gui\check_box.h" />
    <ClInclude Include="..\..\src\gui\decorators\check_box_decorator.h">
      <Filter>decorators</Filter>
    </ClInclude>
  </ItemGroup>
  <ItemGroup>
    <ClCompile Include="..\..\src\gui\gui.cpp" />
    <ClCompile Include="..\..\src\gui\block.cpp" />
    <ClCompile Include="..\..\src\gui\decorators\box_decorator.cpp">
      <Filter>decorators</Filter>
    </ClCompile>
    <ClCompile Include="..\..\src\gui\opengl_renderer.cpp" />
    <ClCompile Include="..\..\src\gui\decorators\text_decorator.cpp">
      <Filter>decorators</Filter>
    </ClCompile>
    <ClCompile Include="..\..\src\gui\atlas.cpp" />
    <ClCompile Include="..\..\src\gui\menu_bar.cpp" />
    <ClCompile Include="..\..\src\gui\menu_item.cpp" />
    <ClCompile Include="..\..\src\gui\button.cpp" />
    <ClCompile Include="..\..\src\gui\text_box.cpp" />
    <ClCompile Include="..\..\src\gui\check_box.cpp" />
    <ClCompile Include="..\..\src\gui\decorators\check_box_decorator.cpp">
      <Filter>decorators</Filter>
    </ClCompile>
  </ItemGroup>
  <ItemGroup>
    <Filter Include="decorators">
      <UniqueIdentifier>{26d01923-e3f8-4161-901a-6395e4788c30}</UniqueIdentifier>
    </Filter>
  </ItemGroup>
</Project>