<?xml version="1.0" encoding="utf-8"?>
<Project ToolsVersion="4.0" xmlns="http://schemas.microsoft.com/developer/msbuild/2003">
  <ItemGroup>
    <ClInclude Include="..\..\src\gui\gui.h" />
    <ClInclude Include="..\..\src\gui\block.h" />
    <ClInclude Include="..\..\src\gui\irenderer.h" />
    <ClInclude Include="..\..\src\gui\decorators\box_decorator.h">
      <Filter>decorators</Filter>
    </ClInclude>
    <ClInclude Include="..\..\src\gui\opengl_renderer.h" />
    <ClInclude Include="..\..\src\gui\decorators\text_decorator.h">
      <Filter>decorators</Filter>
    </ClInclude>
    <ClInclude Include="..\..\src\gui\decorator_base.h" />
    <ClInclude Include="..\..\src\gui\atlas.h" />
    <ClInclude Include="..\..\src\gui\texture_base.h" />
    <ClInclude Include="..\..\src\gui\decorators\check_box_decorator.h">
      <Filter>decorators</Filter>
    </ClInclude>
    <ClInclude Include="..\..\src\gui\controls\scrollbar.h">
      <Filter>controls</Filter>
    </ClInclude>
    <ClInclude Include="..\..\src\gui\controls\button.h">
      <Filter>controls</Filter>
    </ClInclude>
    <ClInclude Include="..\..\src\gui\controls\check_box.h">
      <Filter>controls</Filter>
    </ClInclude>
    <ClInclude Include="..\..\src\gui\controls\menu_bar.h">
      <Filter>controls</Filter>
    </ClInclude>
    <ClInclude Include="..\..\src\gui\controls\menu_item.h">
      <Filter>controls</Filter>
    </ClInclude>
    <ClInclude Include="..\..\src\gui\controls\text_box.h">
      <Filter>controls</Filter>
    </ClInclude>
    <ClInclude Include="..\..\src\gui\decorators\scrollbar_decorator.h">
      <Filter>decorators</Filter>
    </ClInclude>
    <ClInclude Include="..\..\src\gui\controls\scrollable.h">
      <Filter>controls</Filter>
    </ClInclude>
    <ClInclude Include="..\..\src\gui\controls\tab_block.h">
      <Filter>controls</Filter>
    </ClInclude>
    <ClInclude Include="..\..\src\gui\controls\dockable.h">
      <Filter>controls</Filter>
    </ClInclude>
    <ClInclude Include="..\..\src\gui\decorators\dockable_decorator.h">
      <Filter>decorators</Filter>
    </ClInclude>
    <ClInclude Include="..\..\src\gui\decorators\cursor_decorator.h">
      <Filter>decorators</Filter>
    </ClInclude>
  </ItemGroup>
  <ItemGroup>
    <ClCompile Include="..\..\src\gui\gui.cpp" />
    <ClCompile Include="..\..\src\gui\block.cpp" />
    <ClCompile Include="..\..\src\gui\decorators\box_decorator.cpp">
      <Filter>decorators</Filter>
    </ClCompile>
    <ClCompile Include="..\..\src\gui\opengl_renderer.cpp" />
    <ClCompile Include="..\..\src\gui\decorators\text_decorator.cpp">
      <Filter>decorators</Filter>
    </ClCompile>
    <ClCompile Include="..\..\src\gui\atlas.cpp" />
    <ClCompile Include="..\..\src\gui\decorators\check_box_decorator.cpp">
      <Filter>decorators</Filter>
    </ClCompile>
    <ClCompile Include="..\..\src\gui\controls\scrollbar.cpp">
      <Filter>controls</Filter>
    </ClCompile>
    <ClCompile Include="..\..\src\gui\controls\button.cpp">
      <Filter>controls</Filter>
    </ClCompile>
    <ClCompile Include="..\..\src\gui\controls\check_box.cpp">
      <Filter>controls</Filter>
    </ClCompile>
    <ClCompile Include="..\..\src\gui\controls\menu_bar.cpp">
      <Filter>controls</Filter>
    </ClCompile>
    <ClCompile Include="..\..\src\gui\controls\menu_item.cpp">
      <Filter>controls</Filter>
    </ClCompile>
    <ClCompile Include="..\..\src\gui\controls\text_box.cpp">
      <Filter>controls</Filter>
    </ClCompile>
    <ClCompile Include="..\..\src\gui\decorators\scrollbar_decorator.cpp">
      <Filter>decorators</Filter>
    </ClCompile>
    <ClCompile Include="..\..\src\gui\controls\scrollable.cpp">
      <Filter>controls</Filter>
    </ClCompile>
    <ClCompile Include="..\..\src\gui\controls\tab_block.cpp">
      <Filter>controls</Filter>
    </ClCompile>
    <ClCompile Include="..\..\src\gui\controls\dockable.cpp">
      <Filter>controls</Filter>
    </ClCompile>
    <ClCompile Include="..\..\src\gui\decorators\dockable_decorator.cpp">
      <Filter>decorators</Filter>
    </ClCompile>
    <ClCompile Include="..\..\src\gui\decorators\cursor_decorator.cpp">
      <Filter>decorators</Filter>
    </ClCompile>
  </ItemGroup>
  <ItemGroup>
    <Filter Include="decorators">
      <UniqueIdentifier>{26d01923-e3f8-4161-901a-6395e4788c30}</UniqueIdentifier>
    </Filter>
    <Filter Include="controls">
      <UniqueIdentifier>{ef56d276-5e1d-4822-bc44-76ffaf6d8fac}</UniqueIdentifier>
    </Filter>
  </ItemGroup>
</Project>