<?xml version="1.0" encoding="utf-8"?>
<Project ToolsVersion="4.0" xmlns="http://schemas.microsoft.com/developer/msbuild/2003">
  <ItemGroup>
    <ClCompile Include="..\..\src\core\base64.cpp" />
    <ClCompile Include="..\..\src\core\crc32.cpp" />
    <ClCompile Include="..\..\src\core\event_manager.cpp" />
    <ClCompile Include="..\..\src\core\istream.cpp" />
    <ClCompile Include="..\..\src\core\jsmn.cpp" />
    <ClCompile Include="..\..\src\core\json_object.cpp" />
    <ClCompile Include="..\..\src\core\json_serializer.cpp" />
    <ClCompile Include="..\..\src\core\matrix.cpp" />
    <ClCompile Include="..\..\src\core\quat.cpp" />
    <ClCompile Include="..\..\src\core\sha1.cpp" />
    <ClCompile Include="..\..\src\core\file_utils.cpp" />
    <ClCompile Include="..\..\src\core\raw_file_stream.cpp" />
    <ClCompile Include="..\..\src\core\math_utils.cpp" />
    <ClCompile Include="..\..\src\core\memory_stream.cpp" />
    <ClCompile Include="..\..\src\core\ifilesystem.cpp" />
    <ClCompile Include="..\..\src\core\log.cpp" />
  </ItemGroup>
  <ItemGroup>
    <ClInclude Include="..\..\src\core\base64.h" />
    <ClInclude Include="..\..\src\core\crc32.h" />
    <ClInclude Include="..\..\src\core\event_manager.h" />
    <ClInclude Include="..\..\src\core\istream.h" />
    <ClInclude Include="..\..\src\core\jsmn.h" />
    <ClInclude Include="..\..\src\core\json_object.h" />
    <ClInclude Include="..\..\src\core\json_serializer.h" />
    <ClInclude Include="..\..\src\core\map.h" />
    <ClInclude Include="..\..\src\core\matrix.h" />
    <ClInclude Include="..\..\src\core\quat.h" />
    <ClInclude Include="..\..\src\core\sha1.h" />
    <ClInclude Include="..\..\src\core\string.h" />
    <ClInclude Include="..\..\src\core\vec3.h" />
    <ClInclude Include="..\..\src\core\vector.h" />
    <ClInclude Include="..\..\src\core\lux.h" />
    <ClInclude Include="..\..\src\core\file_utils.h" />
    <ClInclude Include="..\..\src\core\raw_file_stream.h" />
    <ClInclude Include="..\..\src\core\math_utils.h" />
    <ClInclude Include="..\..\src\core\memory_stream.h" />
    <ClInclude Include="..\..\src\core\functor.h" />
    <ClInclude Include="..\..\src\core\ifilesystem.h" />
    <ClInclude Include="..\..\src\core\iserializer.h" />
    <ClInclude Include="..\..\src\core\log.h" />
  </ItemGroup>
</Project>