<?xml version="1.0" encoding="utf-8"?>
<Project ToolsVersion="4.0" xmlns="http://schemas.microsoft.com/developer/msbuild/2003">
  <ItemGroup>
    <ClCompile Include="..\..\src\core\crc32.cpp" />
    <ClCompile Include="..\..\src\core\event_manager.cpp" />
    <ClCompile Include="..\..\src\core\istream.cpp" />
    <ClCompile Include="..\..\src\core\jsmn.cpp" />
    <ClCompile Include="..\..\src\core\json_object.cpp" />
    <ClCompile Include="..\..\src\core\json_serializer.cpp" />
    <ClCompile Include="..\..\src\core\matrix.cpp" />
    <ClCompile Include="..\..\src\core\quat.cpp" />
    <ClCompile Include="..\..\src\core\file_utils.cpp" />
    <ClCompile Include="..\..\src\core\math_utils.cpp" />
    <ClCompile Include="..\..\src\core\log.cpp" />
    <ClCompile Include="..\..\src\core\file_system.cpp">
      <Filter>FS</Filter>
    </ClCompile>
    <ClCompile Include="..\..\src\core\tcp_file_server.cpp">
      <Filter>FS</Filter>
    </ClCompile>
    <ClCompile Include="..\..\src\core\tcp_file_device.cpp">
      <Filter>FS</Filter>
    </ClCompile>
    <ClCompile Include="..\..\src\core\memory_file_device.cpp">
      <Filter>FS</Filter>
    </ClCompile>
    <ClCompile Include="..\..\src\core\disk_file_device.cpp">
      <Filter>FS</Filter>
    </ClCompile>
    <ClCompile Include="..\..\src\core\blob.cpp" />
  </ItemGroup>
  <ItemGroup>
    <ClInclude Include="..\..\src\core\crc32.h" />
    <ClInclude Include="..\..\src\core\event_manager.h" />
    <ClInclude Include="..\..\src\core\istream.h" />
    <ClInclude Include="..\..\src\core\jsmn.h" />
    <ClInclude Include="..\..\src\core\json_object.h" />
    <ClInclude Include="..\..\src\core\json_serializer.h" />
    <ClInclude Include="..\..\src\core\map.h" />
    <ClInclude Include="..\..\src\core\matrix.h" />
    <ClInclude Include="..\..\src\core\quat.h" />
    <ClInclude Include="..\..\src\core\string.h" />
    <ClInclude Include="..\..\src\core\vec3.h" />
    <ClInclude Include="..\..\src\core\vector.h" />
    <ClInclude Include="..\..\src\core\lux.h" />
    <ClInclude Include="..\..\src\core\file_utils.h" />
    <ClInclude Include="..\..\src\core\math_utils.h" />
    <ClInclude Include="..\..\src\core\iserializer.h" />
    <ClInclude Include="..\..\src\core\log.h" />
    <ClInclude Include="..\..\src\core\ifile_system_defines.h">
      <Filter>FS</Filter>
    </ClInclude>
    <ClInclude Include="..\..\src\core\file_system.h">
      <Filter>FS</Filter>
    </ClInclude>
    <ClInclude Include="..\..\src\core\tcp_file_server.h">
      <Filter>FS</Filter>
    </ClInclude>
    <ClInclude Include="..\..\src\core\ifile.h">
      <Filter>FS</Filter>
    </ClInclude>
    <ClInclude Include="..\..\src\core\ifile_device.h">
      <Filter>FS</Filter>
    </ClInclude>
    <ClInclude Include="..\..\src\core\tcp_file_device.h">
      <Filter>FS</Filter>
    </ClInclude>
    <ClInclude Include="..\..\src\core\memory_file_device.h">
      <Filter>FS</Filter>
    </ClInclude>
    <ClInclude Include="..\..\src\core\disk_file_device.h">
      <Filter>FS</Filter>
    </ClInclude>
    <ClInclude Include="..\..\src\core\lock_free_queue.h">
      <Filter>MT</Filter>
    </ClInclude>
    <ClInclude Include="..\..\src\core\blocking_queue.h">
      <Filter>MT</Filter>
    </ClInclude>
    <ClInclude Include="..\..\src\core\transaction_queue.h">
      <Filter>MT</Filter>
    </ClInclude>
    <ClInclude Include="..\..\src\core\delegate.h" />
    <ClInclude Include="..\..\src\core\blob.h" />
    <ClInclude Include="..\..\src\core\free_list.h" />
    <ClInclude Include="..\..\src\core\array.h" />
  </ItemGroup>
  <ItemGroup>
    <Filter Include="FS">
      <UniqueIdentifier>{44dff5e3-a667-4449-ae33-ca7c1b548fe3}</UniqueIdentifier>
    </Filter>
    <Filter Include="MT">
      <UniqueIdentifier>{fe4dad03-9173-476b-8718-01b5dc84a305}</UniqueIdentifier>
    </Filter>
  </ItemGroup>
</Project>