<?xml version="1.0" encoding="utf-8"?>
<Project ToolsVersion="4.0" xmlns="http://schemas.microsoft.com/developer/msbuild/2003">
  <ItemGroup>
    <Filter Include="Form Files">
      <UniqueIdentifier>{99349809-55BA-4b9d-BF79-8FDBB0286EB3}</UniqueIdentifier>
      <Extensions>ui</Extensions>
      <ParseFiles>false</ParseFiles>
    </Filter>
    <Filter Include="Form Files">
      <UniqueIdentifier>{99349809-55BA-4b9d-BF79-8FDBB0286EB3}</UniqueIdentifier>
      <Extensions>ui</Extensions>
      <ParseFiles>false</ParseFiles>
    </Filter>
    <Filter Include="Generated Files">
      <UniqueIdentifier>{71ED8ED8-ACB9-4CE9-BBE1-E00B30144E11}</UniqueIdentifier>
      <Extensions>cpp;c;cxx;moc;h;def;odl;idl;res;</Extensions>
    </Filter>
    <Filter Include="Generated Files">
      <UniqueIdentifier>{71ED8ED8-ACB9-4CE9-BBE1-E00B30144E11}</UniqueIdentifier>
      <Extensions>cpp;c;cxx;moc;h;def;odl;idl;res;</Extensions>
    </Filter>
    <Filter Include="Header Files">
      <UniqueIdentifier>{93995380-89BD-4b04-88EB-625FBE52EBFB}</UniqueIdentifier>
      <Extensions>h;hpp;hxx;hm;inl;inc;xsd</Extensions>
    </Filter>
    <Filter Include="Header Files">
      <UniqueIdentifier>{93995380-89BD-4b04-88EB-625FBE52EBFB}</UniqueIdentifier>
      <Extensions>h;hpp;hxx;hm;inl;inc;xsd</Extensions>
    </Filter>
    <Filter Include="Source Files">
      <UniqueIdentifier>{4FC737F1-C7A5-4376-A066-2A32D752A2FF}</UniqueIdentifier>
      <Extensions>cpp;c;cxx;def;odl;idl;hpj;bat;asm;asmx</Extensions>
    </Filter>
    <Filter Include="Source Files">
      <UniqueIdentifier>{4FC737F1-C7A5-4376-A066-2A32D752A2FF}</UniqueIdentifier>
      <Extensions>cpp;c;cxx;def;odl;idl;hpj;bat;asm;asmx</Extensions>
    </Filter>
  </ItemGroup>
  <ItemGroup>
    <Filter Include="Source Files\QtEditor" />
  </ItemGroup>
  <ItemGroup>
    <Filter Include="Source Files\QtEditor\pc" />
  </ItemGroup>
  <ItemGroup>
    <ClCompile Include="QtEditor\pc\file_system_watcher.cpp">
      <Filter>Source Files\QtEditor\pc</Filter>
    </ClCompile>
  </ItemGroup>
  <ItemGroup>
    <Filter Include="Source Files\QtEditor\scripts" />
  </ItemGroup>
  <ItemGroup>
    <ClCompile Include="QtEditor\scripts\scriptcompiler.cpp">
      <Filter>Source Files\QtEditor\scripts</Filter>
    </ClCompile>
  </ItemGroup>
  <ItemGroup>
    <ClCompile Include="QtEditor\scripts\scriptcompilerwidget.cpp">
      <Filter>Source Files\QtEditor\scripts</Filter>
    </ClCompile>
  </ItemGroup>
  <ItemGroup>
    <ClCompile Include="QtEditor\assetbrowser.cpp">
      <Filter>Source Files\QtEditor</Filter>
    </ClCompile>
  </ItemGroup>
  <ItemGroup>
    <ClCompile Include="QtEditor\entity_list.cpp">
      <Filter>Source Files\QtEditor</Filter>
    </ClCompile>
  </ItemGroup>
  <ItemGroup>
    <ClCompile Include="QtEditor\entity_template_list.cpp">
      <Filter>Source Files\QtEditor</Filter>
    </ClCompile>
  </ItemGroup>
  <ItemGroup>
    <ClCompile Include="QtEditor\fileserverwidget.cpp">
      <Filter>Source Files\QtEditor</Filter>
    </ClCompile>
  </ItemGroup>
  <ItemGroup>
    <ClCompile Include="QtEditor\gameview.cpp">
      <Filter>Source Files\QtEditor</Filter>
    </ClCompile>
  </ItemGroup>
  <ItemGroup>
    <ClCompile Include="QtEditor\insert_mesh_command.cpp">
      <Filter>Source Files\QtEditor</Filter>
    </ClCompile>
  </ItemGroup>
  <ItemGroup>
    <ClCompile Include="QtEditor\log_widget.cpp">
      <Filter>Source Files\QtEditor</Filter>
    </ClCompile>
  </ItemGroup>
  <ItemGroup>
    <ClCompile Include="QtEditor\main.cpp">
      <Filter>Source Files\QtEditor</Filter>
    </ClCompile>
  </ItemGroup>
  <ItemGroup>
    <ClCompile Include="QtEditor\mainwindow.cpp">
      <Filter>Source Files\QtEditor</Filter>
    </ClCompile>
  </ItemGroup>
  <ItemGroup>
    <ClCompile Include="QtEditor\notifications.cpp">
      <Filter>Source Files\QtEditor</Filter>
    </ClCompile>
  </ItemGroup>
  <ItemGroup>
    <ClCompile Include="QtEditor\profilergraph.cpp">
      <Filter>Source Files\QtEditor</Filter>
    </ClCompile>
  </ItemGroup>
  <ItemGroup>
    <ClCompile Include="QtEditor\profilerui.cpp">
      <Filter>Source Files\QtEditor</Filter>
    </ClCompile>
  </ItemGroup>
  <ItemGroup>
    <ClCompile Include="QtEditor\property_view.cpp">
      <Filter>Source Files\QtEditor</Filter>
    </ClCompile>
  </ItemGroup>
  <ItemGroup>
    <ClCompile Include="QtEditor\sceneview.cpp">
      <Filter>Source Files\QtEditor</Filter>
    </ClCompile>
  </ItemGroup>
  <ItemGroup>
    <Filter Include="Header Files\QtEditor" />
  </ItemGroup>
  <ItemGroup>
    <Filter Include="Header Files\QtEditor\scripts" />
  </ItemGroup>
  <ItemGroup>
    <CustomBuild Include="QtEditor\scripts\scriptcompiler.h">
      <Filter>Header Files\QtEditor\scripts</Filter>
    </CustomBuild>
  </ItemGroup>
  <ItemGroup>
    <CustomBuild Include="QtEditor\scripts\scriptcompilerwidget.h">
      <Filter>Header Files\QtEditor\scripts</Filter>
    </CustomBuild>
  </ItemGroup>
  <ItemGroup>
    <CustomBuild Include="QtEditor\assetbrowser.h">
      <Filter>Header Files\QtEditor</Filter>
    </CustomBuild>
  </ItemGroup>
  <ItemGroup>
    <CustomBuild Include="QtEditor\entity_list.h">
      <Filter>Header Files\QtEditor</Filter>
    </CustomBuild>
  </ItemGroup>
  <ItemGroup>
    <CustomBuild Include="QtEditor\entity_template_list.h">
      <Filter>Header Files\QtEditor</Filter>
    </CustomBuild>
  </ItemGroup>
  <ItemGroup>
    <ClInclude Include="QtEditor\file_system_watcher.h">
      <Filter>Header Files\QtEditor</Filter>
    </ClInclude>
  </ItemGroup>
  <ItemGroup>
    <CustomBuild Include="QtEditor\fileserverwidget.h">
      <Filter>Header Files\QtEditor</Filter>
    </CustomBuild>
  </ItemGroup>
  <ItemGroup>
    <CustomBuild Include="QtEditor\gameview.h">
      <Filter>Header Files\QtEditor</Filter>
    </CustomBuild>
  </ItemGroup>
  <ItemGroup>
    <ClInclude Include="QtEditor\insert_mesh_command.h">
      <Filter>Header Files\QtEditor</Filter>
    </ClInclude>
  </ItemGroup>
  <ItemGroup>
    <CustomBuild Include="QtEditor\log_widget.h">
      <Filter>Header Files\QtEditor</Filter>
    </CustomBuild>
  </ItemGroup>
  <ItemGroup>
    <CustomBuild Include="QtEditor\mainwindow.h">
      <Filter>Header Files\QtEditor</Filter>
    </CustomBuild>
  </ItemGroup>
  <ItemGroup>
    <ClInclude Include="QtEditor\notifications.h">
      <Filter>Header Files\QtEditor</Filter>
    </ClInclude>
  </ItemGroup>
  <ItemGroup>
    <CustomBuild Include="QtEditor\profilergraph.h">
      <Filter>Header Files\QtEditor</Filter>
    </CustomBuild>
  </ItemGroup>
  <ItemGroup>
    <CustomBuild Include="QtEditor\profilerui.h">
      <Filter>Header Files\QtEditor</Filter>
    </CustomBuild>
  </ItemGroup>
  <ItemGroup>
    <CustomBuild Include="QtEditor\property_view.h">
      <Filter>Header Files\QtEditor</Filter>
    </CustomBuild>
  </ItemGroup>
  <ItemGroup>
    <ClInclude Include="QtEditor\renderdevicewidget.h">
      <Filter>Header Files\QtEditor</Filter>
    </ClInclude>
  </ItemGroup>
  <ItemGroup>
    <CustomBuild Include="QtEditor\sceneview.h">
      <Filter>Header Files\QtEditor</Filter>
    </CustomBuild>
  </ItemGroup>
  <ItemGroup>
    <ClInclude Include="QtEditor\wgl_render_device.h">
      <Filter>Header Files\QtEditor</Filter>
    </ClInclude>
  </ItemGroup>
  <ItemGroup>
    <Filter Include="Generated Files\debug" />
  </ItemGroup>
  <ItemGroup>
    <ClCompile Include="debug\moc_assetbrowser.cpp">
      <Filter>Generated Files\debug</Filter>
    </ClCompile>
  </ItemGroup>
  <ItemGroup>
    <ClCompile Include="debug\moc_entity_list.cpp">
      <Filter>Generated Files\debug</Filter>
    </ClCompile>
  </ItemGroup>
  <ItemGroup>
    <ClCompile Include="debug\moc_entity_template_list.cpp">
      <Filter>Generated Files\debug</Filter>
    </ClCompile>
  </ItemGroup>
  <ItemGroup>
    <ClCompile Include="debug\moc_fileserverwidget.cpp">
      <Filter>Generated Files\debug</Filter>
    </ClCompile>
  </ItemGroup>
  <ItemGroup>
    <ClCompile Include="debug\moc_gameview.cpp">
      <Filter>Generated Files\debug</Filter>
    </ClCompile>
  </ItemGroup>
  <ItemGroup>
    <ClCompile Include="debug\moc_log_widget.cpp">
      <Filter>Generated Files\debug</Filter>
    </ClCompile>
  </ItemGroup>
  <ItemGroup>
    <ClCompile Include="debug\moc_mainwindow.cpp">
      <Filter>Generated Files\debug</Filter>
    </ClCompile>
  </ItemGroup>
  <ItemGroup>
    <ClCompile Include="debug\moc_profilergraph.cpp">
      <Filter>Generated Files\debug</Filter>
    </ClCompile>
  </ItemGroup>
  <ItemGroup>
    <ClCompile Include="debug\moc_profilerui.cpp">
      <Filter>Generated Files\debug</Filter>
    </ClCompile>
  </ItemGroup>
  <ItemGroup>
    <ClCompile Include="debug\moc_property_view.cpp">
      <Filter>Generated Files\debug</Filter>
    </ClCompile>
  </ItemGroup>
  <ItemGroup>
    <ClCompile Include="debug\moc_sceneview.cpp">
      <Filter>Generated Files\debug</Filter>
    </ClCompile>
  </ItemGroup>
  <ItemGroup>
    <ClCompile Include="debug\moc_scriptcompiler.cpp">
      <Filter>Generated Files\debug</Filter>
    </ClCompile>
  </ItemGroup>
  <ItemGroup>
    <ClCompile Include="debug\moc_scriptcompilerwidget.cpp">
      <Filter>Generated Files\debug</Filter>
    </ClCompile>
  </ItemGroup>
  <ItemGroup>
    <Filter Include="Generated Files\release" />
  </ItemGroup>
  <ItemGroup>
    <ClCompile Include="release\moc_assetbrowser.cpp">
      <Filter>Generated Files\release</Filter>
    </ClCompile>
  </ItemGroup>
  <ItemGroup>
    <ClCompile Include="release\moc_entity_list.cpp">
      <Filter>Generated Files\release</Filter>
    </ClCompile>
  </ItemGroup>
  <ItemGroup>
    <ClCompile Include="release\moc_entity_template_list.cpp">
      <Filter>Generated Files\release</Filter>
    </ClCompile>
  </ItemGroup>
  <ItemGroup>
    <ClCompile Include="release\moc_fileserverwidget.cpp">
      <Filter>Generated Files\release</Filter>
    </ClCompile>
  </ItemGroup>
  <ItemGroup>
    <ClCompile Include="release\moc_gameview.cpp">
      <Filter>Generated Files\release</Filter>
    </ClCompile>
  </ItemGroup>
  <ItemGroup>
    <ClCompile Include="release\moc_log_widget.cpp">
      <Filter>Generated Files\release</Filter>
    </ClCompile>
  </ItemGroup>
  <ItemGroup>
    <ClCompile Include="release\moc_mainwindow.cpp">
      <Filter>Generated Files\release</Filter>
    </ClCompile>
  </ItemGroup>
  <ItemGroup>
    <ClCompile Include="release\moc_profilergraph.cpp">
      <Filter>Generated Files\release</Filter>
    </ClCompile>
  </ItemGroup>
  <ItemGroup>
    <ClCompile Include="release\moc_profilerui.cpp">
      <Filter>Generated Files\release</Filter>
    </ClCompile>
  </ItemGroup>
  <ItemGroup>
    <ClCompile Include="release\moc_property_view.cpp">
      <Filter>Generated Files\release</Filter>
    </ClCompile>
  </ItemGroup>
  <ItemGroup>
    <ClCompile Include="release\moc_sceneview.cpp">
      <Filter>Generated Files\release</Filter>
    </ClCompile>
  </ItemGroup>
  <ItemGroup>
    <ClCompile Include="release\moc_scriptcompiler.cpp">
      <Filter>Generated Files\release</Filter>
    </ClCompile>
  </ItemGroup>
  <ItemGroup>
    <ClCompile Include="release\moc_scriptcompilerwidget.cpp">
      <Filter>Generated Files\release</Filter>
    </ClCompile>
  </ItemGroup>
  <ItemGroup>
    <ClInclude Include="ui_assetbrowser.h">
      <Filter>Generated Files</Filter>
    </ClInclude>
  </ItemGroup>
  <ItemGroup>
    <ClInclude Include="ui_entity_list.h">
      <Filter>Generated Files</Filter>
    </ClInclude>
  </ItemGroup>
  <ItemGroup>
    <ClInclude Include="ui_entity_template_list.h">
      <Filter>Generated Files</Filter>
    </ClInclude>
  </ItemGroup>
  <ItemGroup>
    <ClInclude Include="ui_fileserverwidget.h">
      <Filter>Generated Files</Filter>
    </ClInclude>
  </ItemGroup>
  <ItemGroup>
    <ClInclude Include="ui_gameview.h">
      <Filter>Generated Files</Filter>
    </ClInclude>
  </ItemGroup>
  <ItemGroup>
    <ClInclude Include="ui_logwidget.h">
      <Filter>Generated Files</Filter>
    </ClInclude>
  </ItemGroup>
  <ItemGroup>
    <ClInclude Include="ui_mainwindow.h">
      <Filter>Generated Files</Filter>
    </ClInclude>
  </ItemGroup>
  <ItemGroup>
    <ClInclude Include="ui_profilergraph.h">
      <Filter>Generated Files</Filter>
    </ClInclude>
  </ItemGroup>
  <ItemGroup>
    <ClInclude Include="ui_profilerui.h">
      <Filter>Generated Files</Filter>
    </ClInclude>
  </ItemGroup>
  <ItemGroup>
    <ClInclude Include="ui_property_view.h">
      <Filter>Generated Files</Filter>
    </ClInclude>
  </ItemGroup>
  <ItemGroup>
    <ClInclude Include="ui_scriptcompilerwidget.h">
      <Filter>Generated Files</Filter>
    </ClInclude>
  </ItemGroup>
  <ItemGroup>
    <Filter Include="Form Files\QtEditor" />
  </ItemGroup>
  <ItemGroup>
    <Filter Include="Form Files\QtEditor\scripts" />
  </ItemGroup>
  <ItemGroup>
    <CustomBuild Include="QtEditor\scripts\scriptcompilerwidget.ui">
      <Filter>Form Files\QtEditor\scripts</Filter>
    </CustomBuild>
  </ItemGroup>
  <ItemGroup>
    <CustomBuild Include="QtEditor\assetbrowser.ui">
      <Filter>Form Files\QtEditor</Filter>
    </CustomBuild>
  </ItemGroup>
  <ItemGroup>
    <CustomBuild Include="QtEditor\entity_list.ui">
      <Filter>Form Files\QtEditor</Filter>
    </CustomBuild>
  </ItemGroup>
  <ItemGroup>
    <CustomBuild Include="QtEditor\entity_template_list.ui">
      <Filter>Form Files\QtEditor</Filter>
    </CustomBuild>
  </ItemGroup>
  <ItemGroup>
    <CustomBuild Include="QtEditor\fileserverwidget.ui">
      <Filter>Form Files\QtEditor</Filter>
    </CustomBuild>
  </ItemGroup>
  <ItemGroup>
    <CustomBuild Include="QtEditor\gameview.ui">
      <Filter>Form Files\QtEditor</Filter>
    </CustomBuild>
  </ItemGroup>
  <ItemGroup>
    <CustomBuild Include="QtEditor\logwidget.ui">
      <Filter>Form Files\QtEditor</Filter>
    </CustomBuild>
  </ItemGroup>
  <ItemGroup>
    <CustomBuild Include="QtEditor\mainwindow.ui">
      <Filter>Form Files\QtEditor</Filter>
    </CustomBuild>
  </ItemGroup>
  <ItemGroup>
    <CustomBuild Include="QtEditor\profilergraph.ui">
      <Filter>Form Files\QtEditor</Filter>
    </CustomBuild>
  </ItemGroup>
  <ItemGroup>
    <CustomBuild Include="QtEditor\profilerui.ui">
      <Filter>Form Files\QtEditor</Filter>
    </CustomBuild>
  </ItemGroup>
  <ItemGroup>
    <CustomBuild Include="QtEditor\property_view.ui">
      <Filter>Form Files\QtEditor</Filter>
    </CustomBuild>
  </ItemGroup>
</Project>