<?xml version="1.0" encoding="utf-8"?>
<Project ToolsVersion="4.0" xmlns="http://schemas.microsoft.com/developer/msbuild/2003">
  <ItemGroup>
    <ClCompile Include="..\..\..\src\editor_native\log_ui.cpp" />
    <ClCompile Include="..\..\..\src\editor_native\main.cpp" />
    <ClCompile Include="..\..\..\src\editor_native\main_frame.cpp" />
    <ClCompile Include="..\..\..\src\editor_native\main_menu.cpp" />
    <ClCompile Include="..\..\..\src\editor_native\notifications.cpp" />
    <ClCompile Include="..\..\..\src\editor_native\script_compiler.cpp" />
    <ClCompile Include="..\..\..\src\editor_native\sdl_render_device.cpp" />
    <ClCompile Include="..\..\..\src\editor_native\property_frame\animable_ui.cpp">
      <Filter>property_frame</Filter>
    </ClCompile>
    <ClCompile Include="..\..\..\src\editor_native\property_frame\box_rigid_actor_ui.cpp">
      <Filter>property_frame</Filter>
    </ClCompile>
    <ClCompile Include="..\..\..\src\editor_native\property_frame\point_light_ui.cpp">
      <Filter>property_frame</Filter>
    </ClCompile>
    <ClCompile Include="..\..\..\src\editor_native\property_frame\property_frame.cpp">
      <Filter>property_frame</Filter>
    </ClCompile>
    <ClCompile Include="..\..\..\src\editor_native\property_frame\renderable_ui.cpp">
      <Filter>property_frame</Filter>
    </ClCompile>
    <ClCompile Include="..\..\..\src\editor_native\property_frame\script_ui.cpp">
      <Filter>property_frame</Filter>
    </ClCompile>
    <ClCompile Include="..\..\..\src\core\new.cpp" />
  </ItemGroup>
  <ItemGroup>
    <ClInclude Include="..\..\..\src\editor_native\log_ui.h" />
    <ClInclude Include="..\..\..\src\editor_native\main_frame.h" />
    <ClInclude Include="..\..\..\src\editor_native\main_menu.h" />
    <ClInclude Include="..\..\..\src\editor_native\notifications.h" />
    <ClInclude Include="..\..\..\src\editor_native\script_compiler.h" />
    <ClInclude Include="..\..\..\src\editor_native\sdl_render_device.h" />
    <ClInclude Include="..\..\..\src\editor_native\property_frame\animable_ui.h">
      <Filter>property_frame</Filter>
    </ClInclude>
    <ClInclude Include="..\..\..\src\editor_native\property_frame\box_rigid_actor_ui.h">
      <Filter>property_frame</Filter>
    </ClInclude>
    <ClInclude Include="..\..\..\src\editor_native\property_frame\icomponent_ui.h">
      <Filter>property_frame</Filter>
    </ClInclude>
    <ClInclude Include="..\..\..\src\editor_native\property_frame\point_light_ui.h">
      <Filter>property_frame</Filter>
    </ClInclude>
    <ClInclude Include="..\..\..\src\editor_native\property_frame\property_frame.h">
      <Filter>property_frame</Filter>
    </ClInclude>
    <ClInclude Include="..\..\..\src\editor_native\property_frame\renderable_ui.h">
      <Filter>property_frame</Filter>
    </ClInclude>
    <ClInclude Include="..\..\..\src\editor_native\property_frame\script_ui.h">
      <Filter>property_frame</Filter>
    </ClInclude>
  </ItemGroup>
  <ItemGroup>
    <Filter Include="property_frame">
      <UniqueIdentifier>{e20d0947-5982-4055-9d4e-324cd7fd8e2c}</UniqueIdentifier>
    </Filter>
  </ItemGroup>
</Project>