<?xml version="1.0" encoding="utf-8"?>
<Project ToolsVersion="4.0" xmlns="http://schemas.microsoft.com/developer/msbuild/2003">
  <ItemGroup>
    <Filter Include="Form Files">
      <UniqueIdentifier>{99349809-55BA-4b9d-BF79-8FDBB0286EB3}</UniqueIdentifier>
      <Extensions>ui</Extensions>
      <ParseFiles>false</ParseFiles>
    </Filter>
    <Filter Include="Form Files">
      <UniqueIdentifier>{99349809-55BA-4b9d-BF79-8FDBB0286EB3}</UniqueIdentifier>
      <Extensions>ui</Extensions>
      <ParseFiles>false</ParseFiles>
    </Filter>
    <Filter Include="Generated Files">
      <UniqueIdentifier>{71ED8ED8-ACB9-4CE9-BBE1-E00B30144E11}</UniqueIdentifier>
      <Extensions>cpp;c;cxx;moc;h;def;odl;idl;res;</Extensions>
    </Filter>
    <Filter Include="Generated Files">
      <UniqueIdentifier>{71ED8ED8-ACB9-4CE9-BBE1-E00B30144E11}</UniqueIdentifier>
      <Extensions>cpp;c;cxx;moc;h;def;odl;idl;res;</Extensions>
    </Filter>
    <Filter Include="Header Files">
      <UniqueIdentifier>{93995380-89BD-4b04-88EB-625FBE52EBFB}</UniqueIdentifier>
      <Extensions>h;hpp;hxx;hm;inl;inc;xsd</Extensions>
    </Filter>
    <Filter Include="Header Files">
      <UniqueIdentifier>{93995380-89BD-4b04-88EB-625FBE52EBFB}</UniqueIdentifier>
      <Extensions>h;hpp;hxx;hm;inl;inc;xsd</Extensions>
    </Filter>
    <Filter Include="Source Files">
      <UniqueIdentifier>{4FC737F1-C7A5-4376-A066-2A32D752A2FF}</UniqueIdentifier>
      <Extensions>cpp;c;cxx;def;odl;idl;hpj;bat;asm;asmx</Extensions>
    </Filter>
    <Filter Include="Source Files">
      <UniqueIdentifier>{4FC737F1-C7A5-4376-A066-2A32D752A2FF}</UniqueIdentifier>
      <Extensions>cpp;c;cxx;def;odl;idl;hpj;bat;asm;asmx</Extensions>
    </Filter>
    <Filter Include="Header Files\script">
      <UniqueIdentifier>{fd9b76bc-ced3-41f4-aa35-412cb2650e7e}</UniqueIdentifier>
    </Filter>
    <Filter Include="Header Files\property_view">
      <UniqueIdentifier>{5b8a8608-cdd2-4b4a-93e3-1ec21f00fc2e}</UniqueIdentifier>
    </Filter>
    <Filter Include="Source Files\pc">
      <UniqueIdentifier>{fd1fddab-43b4-48bd-8b99-9aacfd4f76e0}</UniqueIdentifier>
    </Filter>
    <Filter Include="Source Files\script">
      <UniqueIdentifier>{0d419150-e992-485a-bb17-3be893d86f29}</UniqueIdentifier>
    </Filter>
    <Filter Include="Form Files\script">
      <UniqueIdentifier>{1c542ecd-44b4-4519-b7c3-f96b33a9ff74}</UniqueIdentifier>
    </Filter>
    <Filter Include="Source Files\animation_editor">
      <UniqueIdentifier>{67ec8a1f-a755-4764-ac62-3740efa5bfac}</UniqueIdentifier>
    </Filter>
    <Filter Include="Header Files\animation_editor">
      <UniqueIdentifier>{af5df830-8218-4ee0-8c7c-5d344f149a10}</UniqueIdentifier>
    </Filter>
    <Filter Include="Source Files\property_view">
      <UniqueIdentifier>{63aa1a4d-617d-4b7b-892d-f035bd92d110}</UniqueIdentifier>
    </Filter>
  </ItemGroup>
  <ItemGroup>
    <ClCompile Include="..\..\..\tmp\studio\moc_assetbrowser.cpp">
      <Filter>Generated Files</Filter>
    </ClCompile>
    <ClCompile Include="..\..\..\tmp\studio\moc_entity_list.cpp">
      <Filter>Generated Files</Filter>
    </ClCompile>
    <ClCompile Include="..\..\..\tmp\studio\moc_entity_template_list.cpp">
      <Filter>Generated Files</Filter>
    </ClCompile>
    <ClCompile Include="..\..\..\tmp\studio\moc_fileserverwidget.cpp">
      <Filter>Generated Files</Filter>
    </ClCompile>
    <ClCompile Include="..\..\..\tmp\studio\moc_gameview.cpp">
      <Filter>Generated Files</Filter>
    </ClCompile>
    <ClCompile Include="..\..\..\tmp\studio\moc_log_widget.cpp">
      <Filter>Generated Files</Filter>
    </ClCompile>
    <ClCompile Include="..\..\..\tmp\studio\moc_mainwindow.cpp">
      <Filter>Generated Files</Filter>
    </ClCompile>
    <ClCompile Include="..\..\..\tmp\studio\moc_profilergraph.cpp">
      <Filter>Generated Files</Filter>
    </ClCompile>
    <ClCompile Include="..\..\..\tmp\studio\moc_profilerui.cpp">
      <Filter>Generated Files</Filter>
    </ClCompile>
    <ClCompile Include="..\..\..\tmp\studio\moc_property_view.cpp">
      <Filter>Generated Files</Filter>
    </ClCompile>
    <ClCompile Include="..\..\..\tmp\studio\moc_sceneview.cpp">
      <Filter>Generated Files</Filter>
    </ClCompile>
    <ClCompile Include="..\..\..\tmp\studio\moc_scriptcompiler.cpp">
      <Filter>Generated Files</Filter>
    </ClCompile>
    <ClCompile Include="..\..\..\tmp\studio\moc_scriptcompilerwidget.cpp">
      <Filter>Generated Files</Filter>
    </ClCompile>
    <ClCompile Include="..\..\..\src\studio\scripts\scriptcompiler.cpp">
      <Filter>Source Files\script</Filter>
    </ClCompile>
    <ClCompile Include="..\..\..\src\studio\scripts\scriptcompilerwidget.cpp">
      <Filter>Source Files\script</Filter>
    </ClCompile>
    <ClCompile Include="..\..\..\src\studio\pc\file_system_watcher.cpp">
      <Filter>Source Files\pc</Filter>
    </ClCompile>
    <ClCompile Include="..\..\..\src\studio\pc\fps_limiter.cpp">
      <Filter>Source Files\pc</Filter>
    </ClCompile>
    <ClCompile Include="..\..\..\src\studio\assetbrowser.cpp">
      <Filter>Source Files</Filter>
    </ClCompile>
    <ClCompile Include="..\..\..\src\studio\entity_list.cpp">
      <Filter>Source Files</Filter>
    </ClCompile>
    <ClCompile Include="..\..\..\src\studio\entity_template_list.cpp">
      <Filter>Source Files</Filter>
    </ClCompile>
    <ClCompile Include="..\..\..\src\studio\fileserverwidget.cpp">
      <Filter>Source Files</Filter>
    </ClCompile>
    <ClCompile Include="..\..\..\src\studio\gameview.cpp">
      <Filter>Source Files</Filter>
    </ClCompile>
    <ClCompile Include="..\..\..\src\studio\insert_mesh_command.cpp">
      <Filter>Source Files</Filter>
    </ClCompile>
    <ClCompile Include="..\..\..\src\studio\log_widget.cpp">
      <Filter>Source Files</Filter>
    </ClCompile>
    <ClCompile Include="..\..\..\src\studio\main.cpp">
      <Filter>Source Files</Filter>
    </ClCompile>
    <ClCompile Include="..\..\..\src\studio\mainwindow.cpp">
      <Filter>Source Files</Filter>
    </ClCompile>
    <ClCompile Include="..\..\..\src\studio\notifications.cpp">
      <Filter>Source Files</Filter>
    </ClCompile>
    <ClCompile Include="..\..\..\src\studio\profilergraph.cpp">
      <Filter>Source Files</Filter>
    </ClCompile>
    <ClCompile Include="..\..\..\src\studio\profilerui.cpp">
      <Filter>Source Files</Filter>
    </ClCompile>
    <ClCompile Include="..\..\..\src\studio\property_view.cpp">
      <Filter>Source Files</Filter>
    </ClCompile>
    <ClCompile Include="..\..\..\src\studio\sceneview.cpp">
      <Filter>Source Files</Filter>
    </ClCompile>
    <ClCompile Include="..\..\..\tmp\studio\moc_animation_editor.cpp">
      <Filter>Generated Files</Filter>
    </ClCompile>
    <ClCompile Include="..\..\..\src\studio\animation_editor\animation_editor.cpp">
      <Filter>Source Files\animation_editor</Filter>
    </ClCompile>
    <ClCompile Include="..\..\..\src\studio\animation_editor\skeleton_view.cpp">
      <Filter>Source Files\animation_editor</Filter>
    </ClCompile>
    <ClCompile Include="..\..\..\tmp\studio\moc_skeleton_view.cpp">
      <Filter>Generated Files</Filter>
    </ClCompile>
    <ClCompile Include="..\..\..\src\studio\animation_editor\animator.cpp">
      <Filter>Source Files\animation_editor</Filter>
    </ClCompile>
    <ClCompile Include="..\..\..\src\studio\animation_editor\animation_editor_commands.cpp">
      <Filter>Source Files\animation_editor</Filter>
    </ClCompile>
    <ClCompile Include="..\..\..\src\studio\animation_editor\animation_inputs.cpp">
      <Filter>Source Files\animation_editor</Filter>
    </ClCompile>
    <ClCompile Include="..\..\..\tmp\studio\moc_animation_inputs.cpp">
      <Filter>Generated Files</Filter>
    </ClCompile>
    <ClCompile Include="..\..\..\tmp\studio\moc_animator.cpp">
      <Filter>Generated Files</Filter>
    </ClCompile>
    <ClCompile Include="..\..\..\src\studio\property_view\entity_model.cpp">
      <Filter>Source Files\property_view</Filter>
    </ClCompile>
    <ClCompile Include="..\..\..\src\studio\property_view\resource_model.cpp">
      <Filter>Source Files\property_view</Filter>
    </ClCompile>
    <ClCompile Include="..\..\..\src\studio\property_view\dynamic_object_model.cpp">
      <Filter>Source Files\property_view</Filter>
    </ClCompile>
    <ClCompile Include="..\..\..\src\studio\import_asset_dialog.cpp">
      <Filter>Source Files</Filter>
    </ClCompile>
    <ClCompile Include="..\..\..\tmp\studio\moc_import_asset_dialog.cpp">
      <Filter>Generated Files</Filter>
    </ClCompile>
    <ClCompile Include="..\..\..\tmp\studio\moc_notifications.cpp">
      <Filter>Generated Files</Filter>
    </ClCompile>
    <ClCompile Include="..\..\..\src\studio\metadata.cpp">
      <Filter>Source Files</Filter>
    </ClCompile>
    <ClCompile Include="..\..\..\tmp\studio\moc_resource_model.cpp">
      <Filter>Generated Files</Filter>
    </ClCompile>
  </ItemGroup>
  <ItemGroup>
    <CustomBuild Include="..\..\..\src\studio\assetbrowser.h">
      <Filter>Header Files</Filter>
    </CustomBuild>
    <CustomBuild Include="..\..\..\src\studio\entity_list.h">
      <Filter>Header Files</Filter>
    </CustomBuild>
    <CustomBuild Include="..\..\..\src\studio\entity_template_list.h">
      <Filter>Header Files</Filter>
    </CustomBuild>
    <CustomBuild Include="..\..\..\src\studio\fileserverwidget.h">
      <Filter>Header Files</Filter>
    </CustomBuild>
    <CustomBuild Include="..\..\..\src\studio\gameview.h">
      <Filter>Header Files</Filter>
    </CustomBuild>
    <CustomBuild Include="..\..\..\src\studio\log_widget.h">
      <Filter>Header Files</Filter>
    </CustomBuild>
    <CustomBuild Include="..\..\..\src\studio\mainwindow.h">
      <Filter>Header Files</Filter>
    </CustomBuild>
    <CustomBuild Include="..\..\..\src\studio\profilergraph.h">
      <Filter>Header Files</Filter>
    </CustomBuild>
    <CustomBuild Include="..\..\..\src\studio\profilerui.h">
      <Filter>Header Files</Filter>
    </CustomBuild>
    <CustomBuild Include="..\..\..\src\studio\property_view.h">
      <Filter>Header Files</Filter>
    </CustomBuild>
    <CustomBuild Include="..\..\..\src\studio\sceneview.h">
      <Filter>Header Files</Filter>
    </CustomBuild>
    <CustomBuild Include="..\..\..\src\studio\scripts\scriptcompiler.h">
      <Filter>Header Files\script</Filter>
    </CustomBuild>
    <CustomBuild Include="..\..\..\src\studio\scripts\scriptcompilerwidget.h">
      <Filter>Header Files\script</Filter>
    </CustomBuild>
    <CustomBuild Include="..\..\..\src\studio\assetbrowser.ui">
      <Filter>Form Files</Filter>
    </CustomBuild>
    <CustomBuild Include="..\..\..\src\studio\entity_list.ui">
      <Filter>Form Files</Filter>
    </CustomBuild>
    <CustomBuild Include="..\..\..\src\studio\entity_template_list.ui">
      <Filter>Form Files</Filter>
    </CustomBuild>
    <CustomBuild Include="..\..\..\src\studio\fileserverwidget.ui">
      <Filter>Form Files</Filter>
    </CustomBuild>
    <CustomBuild Include="..\..\..\src\studio\gameview.ui">
      <Filter>Form Files</Filter>
    </CustomBuild>
    <CustomBuild Include="..\..\..\src\studio\logwidget.ui">
      <Filter>Form Files</Filter>
    </CustomBuild>
    <CustomBuild Include="..\..\..\src\studio\mainwindow.ui">
      <Filter>Form Files</Filter>
    </CustomBuild>
    <CustomBuild Include="..\..\..\src\studio\profilergraph.ui">
      <Filter>Form Files</Filter>
    </CustomBuild>
    <CustomBuild Include="..\..\..\src\studio\profilerui.ui">
      <Filter>Form Files</Filter>
    </CustomBuild>
    <CustomBuild Include="..\..\..\src\studio\property_view.ui">
      <Filter>Form Files</Filter>
    </CustomBuild>
    <CustomBuild Include="..\..\..\src\studio\terrain_editor.ui">
      <Filter>Form Files</Filter>
    </CustomBuild>
    <CustomBuild Include="..\..\..\src\studio\scripts\scriptcompilerwidget.ui">
      <Filter>Form Files\script</Filter>
    </CustomBuild>
    <CustomBuild Include="..\..\..\src\studio\animation_editor\animation_editor.h">
      <Filter>Header Files\animation_editor</Filter>
    </CustomBuild>
    <CustomBuild Include="..\..\..\src\studio\animation_editor\skeleton_view.h">
      <Filter>Header Files\animation_editor</Filter>
    </CustomBuild>
    <CustomBuild Include="..\..\..\src\studio\animation_editor\animation_inputs.h">
      <Filter>Header Files\animation_editor</Filter>
    </CustomBuild>
    <CustomBuild Include="..\..\..\src\studio\animation_editor\animator.h">
      <Filter>Header Files\animation_editor</Filter>
    </CustomBuild>
    <CustomBuild Include="..\..\..\src\studio\import_asset_dialog.ui">
      <Filter>Form Files</Filter>
    </CustomBuild>
    <CustomBuild Include="..\..\..\src\studio\import_asset_dialog.h">
      <Filter>Header Files</Filter>
    </CustomBuild>
    <CustomBuild Include="..\..\..\src\studio\notifications.h">
      <Filter>Header Files</Filter>
    </CustomBuild>
    <CustomBuild Include="..\..\..\src\studio\property_view\resource_model.h">
      <Filter>Header Files\property_view</Filter>
    </CustomBuild>
  </ItemGroup>
  <ItemGroup>
    <ClInclude Include="..\..\..\src\studio\file_system_watcher.h">
      <Filter>Header Files</Filter>
    </ClInclude>
    <ClInclude Include="..\..\..\src\studio\fps_limiter.h">
      <Filter>Header Files</Filter>
    </ClInclude>
    <ClInclude Include="..\..\..\src\studio\insert_mesh_command.h">
      <Filter>Header Files</Filter>
    </ClInclude>
    <ClInclude Include="..\..\..\src\studio\renderdevicewidget.h">
      <Filter>Header Files</Filter>
    </ClInclude>
    <ClInclude Include="..\..\..\src\studio\wgl_render_device.h">
      <Filter>Header Files</Filter>
    </ClInclude>
    <ClInclude Include="..\..\..\src\studio\property_view\file_edit.h">
      <Filter>Header Files\property_view</Filter>
    </ClInclude>
    <ClInclude Include="..\..\..\src\studio\property_view\property_editor.h">
      <Filter>Header Files\property_view</Filter>
    </ClInclude>
    <ClInclude Include="..\..\..\src\studio\property_view\terrain_editor.h">
      <Filter>Header Files\property_view</Filter>
    </ClInclude>
    <ClInclude Include="..\..\..\tmp\studio\GeneratedFiles\ui_assetbrowser.h">
      <Filter>Generated Files</Filter>
    </ClInclude>
    <ClInclude Include="..\..\..\tmp\studio\GeneratedFiles\ui_entity_list.h">
      <Filter>Generated Files</Filter>
    </ClInclude>
    <ClInclude Include="..\..\..\tmp\studio\GeneratedFiles\ui_entity_template_list.h">
      <Filter>Generated Files</Filter>
    </ClInclude>
    <ClInclude Include="..\..\..\tmp\studio\GeneratedFiles\ui_fileserverwidget.h">
      <Filter>Generated Files</Filter>
    </ClInclude>
    <ClInclude Include="..\..\..\tmp\studio\GeneratedFiles\ui_gameview.h">
      <Filter>Generated Files</Filter>
    </ClInclude>
    <ClInclude Include="..\..\..\tmp\studio\GeneratedFiles\ui_logwidget.h">
      <Filter>Generated Files</Filter>
    </ClInclude>
    <ClInclude Include="..\..\..\tmp\studio\GeneratedFiles\ui_mainwindow.h">
      <Filter>Generated Files</Filter>
    </ClInclude>
    <ClInclude Include="..\..\..\tmp\studio\GeneratedFiles\ui_profilergraph.h">
      <Filter>Generated Files</Filter>
    </ClInclude>
    <ClInclude Include="..\..\..\tmp\studio\GeneratedFiles\ui_profilerui.h">
      <Filter>Generated Files</Filter>
    </ClInclude>
    <ClInclude Include="..\..\..\tmp\studio\GeneratedFiles\ui_property_view.h">
      <Filter>Generated Files</Filter>
    </ClInclude>
    <ClInclude Include="..\..\..\tmp\studio\GeneratedFiles\ui_terrain_editor.h">
      <Filter>Generated Files</Filter>
    </ClInclude>
    <ClInclude Include="..\..\..\tmp\studio\GeneratedFiles\ui_scriptcompilerwidget.h">
      <Filter>Generated Files</Filter>
    </ClInclude>
    <ClInclude Include="..\..\..\src\studio\animation_editor\animation_editor_commands.h">
      <Filter>Header Files\animation_editor</Filter>
    </ClInclude>
    <ClInclude Include="..\..\..\src\studio\property_view\dynamic_object_model.h">
      <Filter>Header Files\property_view</Filter>
    </ClInclude>
    <ClInclude Include="..\..\..\tmp\studio\GeneratedFiles\ui_import_asset_dialog.h">
      <Filter>Generated Files</Filter>
    </ClInclude>
    <ClInclude Include="..\..\..\src\studio\file_path_edit.h">
      <Filter>Header Files</Filter>
    </ClInclude>
    <ClInclude Include="..\..\..\src\studio\metadata.h">
      <Filter>Header Files</Filter>
    </ClInclude>
  </ItemGroup>
  <ItemGroup>
    <None Include="..\..\..\src\studio\property_view\entity_model.h">
      <Filter>Header Files\property_view</Filter>
    </None>
  </ItemGroup>
</Project>