<?xml version="1.0" encoding="utf-8"?>
<Project ToolsVersion="4.0" xmlns="http://schemas.microsoft.com/developer/msbuild/2003">
  <ItemGroup>
    <Filter Include="ai">
      <UniqueIdentifier>{76769ec6-dcb9-45a1-8c03-c8a977e93ccf}</UniqueIdentifier>
    </Filter>
    <Filter Include="recast&amp;detour">
      <UniqueIdentifier>{01e01fba-25d6-45df-9545-b54113ecd8d4}</UniqueIdentifier>
    </Filter>
  </ItemGroup>
  <ItemGroup>
    <ClCompile Include="..\..\src\ai\navigation.cpp">
      <Filter>ai</Filter>
    </ClCompile>
    <ClCompile Include="..\..\src\detour\DebugDraw.cpp">
      <Filter>recast&amp;detour</Filter>
    </ClCompile>
    <ClCompile Include="..\..\src\detour\DetourAlloc.cpp">
      <Filter>recast&amp;detour</Filter>
    </ClCompile>
    <ClCompile Include="..\..\src\detour\DetourCommon.cpp">
      <Filter>recast&amp;detour</Filter>
    </ClCompile>
    <ClCompile Include="..\..\src\detour\DetourDebugDraw.cpp">
      <Filter>recast&amp;detour</Filter>
    </ClCompile>
    <ClCompile Include="..\..\src\detour\DetourNavMesh.cpp">
      <Filter>recast&amp;detour</Filter>
    </ClCompile>
    <ClCompile Include="..\..\src\detour\DetourNavMeshBuilder.cpp">
      <Filter>recast&amp;detour</Filter>
    </ClCompile>
    <ClCompile Include="..\..\src\detour\DetourNavMeshQuery.cpp">
      <Filter>recast&amp;detour</Filter>
    </ClCompile>
    <ClCompile Include="..\..\src\detour\DetourNode.cpp">
      <Filter>recast&amp;detour</Filter>
    </ClCompile>
    <ClCompile Include="..\..\src\detour\DetourTileCache.cpp">
      <Filter>recast&amp;detour</Filter>
    </ClCompile>
    <ClCompile Include="..\..\src\detour\DetourTileCacheBuilder.cpp">
      <Filter>recast&amp;detour</Filter>
    </ClCompile>
    <ClCompile Include="..\..\src\detour\Recast.cpp">
      <Filter>recast&amp;detour</Filter>
    </ClCompile>
    <ClCompile Include="..\..\src\detour\RecastAlloc.cpp">
      <Filter>recast&amp;detour</Filter>
    </ClCompile>
    <ClCompile Include="..\..\src\detour\RecastArea.cpp">
      <Filter>recast&amp;detour</Filter>
    </ClCompile>
    <ClCompile Include="..\..\src\detour\RecastContour.cpp">
      <Filter>recast&amp;detour</Filter>
    </ClCompile>
    <ClCompile Include="..\..\src\detour\RecastDebugDraw.cpp">
      <Filter>recast&amp;detour</Filter>
    </ClCompile>
    <ClCompile Include="..\..\src\detour\RecastDump.cpp">
      <Filter>recast&amp;detour</Filter>
    </ClCompile>
    <ClCompile Include="..\..\src\detour\RecastFilter.cpp">
      <Filter>recast&amp;detour</Filter>
    </ClCompile>
    <ClCompile Include="..\..\src\detour\RecastLayers.cpp">
      <Filter>recast&amp;detour</Filter>
    </ClCompile>
    <ClCompile Include="..\..\src\detour\RecastMesh.cpp">
      <Filter>recast&amp;detour</Filter>
    </ClCompile>
    <ClCompile Include="..\..\src\detour\RecastMeshDetail.cpp">
      <Filter>recast&amp;detour</Filter>
    </ClCompile>
    <ClCompile Include="..\..\src\detour\RecastRasterization.cpp">
      <Filter>recast&amp;detour</Filter>
    </ClCompile>
    <ClCompile Include="..\..\src\detour\RecastRegion.cpp">
      <Filter>recast&amp;detour</Filter>
    </ClCompile>
    <ClCompile Include="..\..\src\core\new.cpp" />
  </ItemGroup>
  <ItemGroup>
    <ClInclude Include="..\..\src\ai\navigation.h">
      <Filter>ai</Filter>
    </ClInclude>
    <ClInclude Include="..\..\src\detour\DebugDraw.h">
      <Filter>recast&amp;detour</Filter>
    </ClInclude>
    <ClInclude Include="..\..\src\detour\DetourAlloc.h">
      <Filter>recast&amp;detour</Filter>
    </ClInclude>
    <ClInclude Include="..\..\src\detour\DetourAssert.h">
      <Filter>recast&amp;detour</Filter>
    </ClInclude>
    <ClInclude Include="..\..\src\detour\DetourCommon.h">
      <Filter>recast&amp;detour</Filter>
    </ClInclude>
    <ClInclude Include="..\..\src\detour\DetourDebugDraw.h">
      <Filter>recast&amp;detour</Filter>
    </ClInclude>
    <ClInclude Include="..\..\src\detour\DetourNavMesh.h">
      <Filter>recast&amp;detour</Filter>
    </ClInclude>
    <ClInclude Include="..\..\src\detour\DetourNavMeshBuilder.h">
      <Filter>recast&amp;detour</Filter>
    </ClInclude>
    <ClInclude Include="..\..\src\detour\DetourNavMeshQuery.h">
      <Filter>recast&amp;detour</Filter>
    </ClInclude>
    <ClInclude Include="..\..\src\detour\DetourNode.h">
      <Filter>recast&amp;detour</Filter>
    </ClInclude>
    <ClInclude Include="..\..\src\detour\DetourStatus.h">
      <Filter>recast&amp;detour</Filter>
    </ClInclude>
    <ClInclude Include="..\..\src\detour\DetourTileCache.h">
      <Filter>recast&amp;detour</Filter>
    </ClInclude>
    <ClInclude Include="..\..\src\detour\DetourTileCacheBuilder.h">
      <Filter>recast&amp;detour</Filter>
    </ClInclude>
    <ClInclude Include="..\..\src\detour\Recast.h">
      <Filter>recast&amp;detour</Filter>
    </ClInclude>
    <ClInclude Include="..\..\src\detour\RecastAlloc.h">
      <Filter>recast&amp;detour</Filter>
    </ClInclude>
    <ClInclude Include="..\..\src\detour\RecastAssert.h">
      <Filter>recast&amp;detour</Filter>
    </ClInclude>
    <ClInclude Include="..\..\src\detour\RecastDebugDraw.h">
      <Filter>recast&amp;detour</Filter>
    </ClInclude>
    <ClInclude Include="..\..\src\detour\RecastDump.h">
      <Filter>recast&amp;detour</Filter>
    </ClInclude>
  </ItemGroup>
</Project>